
Microsoft Visual Studio Solution File, Format Version 12.00
# Visual Studio Version 17
VisualStudioVersion = 17.5.33516.290
MinimumVisualStudioVersion = 10.0.40219.1
Project("{FAE04EC0-301F-11D3-BF4B-00C04F79EFBC}") = "Mission12_colelevi", "Mission12_colelevi.csproj", "{0B999DCC-45AB-447C-9AE2-27E22C5338DE}"
EndProject
Global
	GlobalSection(SolutionConfigurationPlatforms) = preSolution
		Debug|Any CPU = Debug|Any CPU
		Release|Any CPU = Release|Any CPU
	EndGlobalSection
	GlobalSection(ProjectConfigurationPlatforms) = postSolution
		{0B999DCC-45AB-447C-9AE2-27E22C5338DE}.Debug|Any CPU.ActiveCfg = Debug|Any CPU
		{0B999DCC-45AB-447C-9AE2-27E22C5338DE}.Debug|Any CPU.Build.0 = Debug|Any CPU
		{0B999DCC-45AB-447C-9AE2-27E22C5338DE}.Release|Any CPU.ActiveCfg = Release|Any CPU
		{0B999DCC-45AB-447C-9AE2-27E22C5338DE}.Release|Any CPU.Build.0 = Release|Any CPU
	EndGlobalSection
	GlobalSection(SolutionProperties) = preSolution
		HideSolutionNode = FALSE
	EndGlobalSection
	GlobalSection(ExtensibilityGlobals) = postSolution
		SolutionGuid = {78421A50-2F96-429A-B636-E8BCB046346C}
	EndGlobalSection
EndGlobal
